{
  "name": "ksi-harness",
  "version": "0.1.0",
  "lockfileVersion": 3,
  "requires": true,
  "packages": {
    "": {
      "name": "ksi-harness",
      "version": "0.1.0",
      "license": "Apache-2.0",
      "dependencies": {
        "ajv": "^8.17.1",
        "ajv-formats": "^3.0.1",
        "yaml": "^2.8.1"
      },
      "bin": {
        "ksi": "src/cli.mjs"
      },
      "engines": {
        "node": ">=22"
      },
      "optionalDependencies": {
        "@aws-sdk/client-cloudtrail": "^3.1112.0",
        "@aws-sdk/client-cloudwatch-logs": "^3.1112.0",
        "@aws-sdk/client-config-service": "^3.1112.0",
        "@aws-sdk/client-ec2": "^3.1112.0",
        "@aws-sdk/client-elastic-load-balancing-v2": "^3.1112.0",
        "@aws-sdk/client-iam": "^3.1112.0",
        "@aws-sdk/client-kms": "^3.1112.0",
        "@aws-sdk/client-s3": "^3.1112.0",
        "@aws-sdk/client-s3-control": "^3.1112.0",
        "@aws-sdk/client-secrets-manager": "^3.1112.0",
        "@aws-sdk/client-sts": "^3.1112.0"
      }
    },
    "node_modules/@aws-sdk/checksums": {
      "version": "3.1000.28",
      "resolved": "https://registry.npmjs.org/@aws-sdk/checksums/-/checksums-3.1000.28.tgz",
      "integrity": "sha512-VCpnmyHQ1IH49ni3LXnQj7DPr7rmcJmzYeiCkYdCcfgNtkvOj38cdcL9lapBWoItZWFACJPFJlymqC7/gem3Gw==",
      "license": "Apache-2.0",
      "optional": true,
      "dependencies": {
        "@aws-sdk/core": "^3.977.8",
        "@aws-sdk/types": "^3.974.4",
        "@smithy/core": "^3.31.1",
        "@smithy/types": "^4.16.1",
        "tslib": "^2.6.2"
      },
      "engines": {
        "node": ">=20.0.0"
      }
    },
    "node_modules/@aws-sdk/client-cloudtrail": {
      "version": "3.1112.0",
      "resolved": "https://registry.npmjs.org/@aws-sdk/client-cloudtrail/-/client-cloudtrail-3.1112.0.tgz",
      "integrity": "sha512-+8Gdd3nHnwyg8zuCDACMaLeRZgLQ/c38/r8btVle8eVJ7hhStCUhLyjBDEhECmOInKbVuUfnEmVG+lIl1b90DA==",
      "license": "Apache-2.0",
      "optional": true,
      "dependencies": {
        "@aws-sdk/core": "^3.977.8",
        "@aws-sdk/credential-provider-node": "^3.972.80",
        "@aws-sdk/types": "^3.974.4",
        "@smithy/core": "^3.31.1",
        "@smithy/fetch-http-handler": "^5.6.13",
        "@smithy/node-http-handler": "^4.9.13",
        "@smithy/types": "^4.16.1",
        "tslib": "^2.6.2"
      },
      "engines": {
        "node": ">=20.0.0"
      }
    },
    "node_modules/@aws-sdk/client-cloudwatch-logs": {
      "version": "3.1112.0",
      "resolved": "https://registry.npmjs.org/@aws-sdk/client-cloudwatch-logs/-/client-cloudwatch-logs-3.1112.0.tgz",
      "integrity": "sha512-g3x8EMgjsInKt2on6D2C21gzTUGud8J6wjnvJpEoGI7Ghc3tD5lyJAb5hOb8b+EWaxa+YugEubGPU/k8f5ykQQ==",
      "license": "Apache-2.0",
      "optional": true,
      "dependencies": {
        "@aws-sdk/core": "^3.977.8",
        "@aws-sdk/credential-provider-node": "^3.972.80",
        "@aws-sdk/types": "^3.974.4",
        "@smithy/core": "^3.31.1",
        "@smithy/fetch-http-handler": "^5.6.13",
        "@smithy/node-http-handler": "^4.9.13",
        "@smithy/types": "^4.16.1",
        "tslib": "^2.6.2"
      },
      "engines": {
        "node": ">=20.0.0"
      }
    },
    "node_modules/@aws-sdk/client-config-service": {
      "version": "3.1112.0",
      "resolved": "https://registry.npmjs.org/@aws-sdk/client-config-service/-/client-config-service-3.1112.0.tgz",
      "integrity": "sha512-Pc4zYMz4D+vNhYmujEBb3ODHqSRfbovfzsX3EdP+IqiT2b17ThWxtEc+QGnGYxubXPtpGsGk4koGIt/HuW+FKA==",
      "license": "Apache-2.0",
      "optional": true,
      "dependencies": {
        "@aws-sdk/core": "^3.977.8",
        "@aws-sdk/credential-provider-node": "^3.972.80",
        "@aws-sdk/types": "^3.974.4",
        "@smithy/core": "^3.31.1",
        "@smithy/fetch-http-handler": "^5.6.13",
        "@smithy/node-http-handler": "^4.9.13",
        "@smithy/types": "^4.16.1",
        "tslib": "^2.6.2"
      },
      "engines": {
        "node": ">=20.0.0"
      }
    },
    "node_modules/@aws-sdk/client-ec2": {
      "version": "3.1112.0",
      "resolved": "https://registry.npmjs.org/@aws-sdk/client-ec2/-/client-ec2-3.1112.0.tgz",
      "integrity": "sha512-wLhwFptTL5Si39vnK8LwIRfF6WUe92Yq4DeVvDw5YdssfEu+KaHNWfO8W6m18lzr/IAclwid7fzoxwuwXUvGRg==",
      "license": "Apache-2.0",
      "optional": true,
      "dependencies": {
        "@aws-sdk/core": "^3.977.8",
        "@aws-sdk/credential-provider-node": "^3.972.80",
        "@aws-sdk/middleware-sdk-ec2": "^3.972.57",
        "@aws-sdk/types": "^3.974.4",
        "@smithy/core": "^3.31.1",
        "@smithy/fetch-http-handler": "^5.6.13",
        "@smithy/node-http-handler": "^4.9.13",
        "@smithy/types": "^4.16.1",
        "tslib": "^2.6.2"
      },
      "engines": {
        "node": ">=20.0.0"
      }
    },
    "node_modules/@aws-sdk/client-elastic-load-balancing-v2": {
      "version": "3.1115.0",
      "resolved": "https://registry.npmjs.org/@aws-sdk/client-elastic-load-balancing-v2/-/client-elastic-load-balancing-v2-3.1115.0.tgz",
      "integrity": "sha512-hnnwc4zlDu5raI6489k+Xl/xyoYgzwc3peTkrZex02JD9XlCyyyyaKG6/7OemAFHe4FRMCTZHnKksw5QvxoK3Q==",
      "license": "Apache-2.0",
      "optional": true,
      "dependencies": {
        "@aws-sdk/core": "^3.977.8",
        "@aws-sdk/credential-provider-node": "^3.972.80",
        "@aws-sdk/types": "^3.974.4",
        "@smithy/core": "^3.31.1",
        "@smithy/fetch-http-handler": "^5.6.13",
        "@smithy/node-http-handler": "^4.9.13",
        "@smithy/types": "^4.16.1",
        "tslib": "^2.6.2"
      },
      "engines": {
        "node": ">=20.0.0"
      }
    },
    "node_modules/@aws-sdk/client-iam": {
      "version": "3.1112.0",
      "resolved": "https://registry.npmjs.org/@aws-sdk/client-iam/-/client-iam-3.1112.0.tgz",
      "integrity": "sha512-D6vzRE9PJckdvS70jZasqVtDavBEPcyuKUEayMvSSfAwejEgmClVl/Omc8UcaffKqzNIxsa0oMa8wOXLmEHkSQ==",
      "license": "Apache-2.0",
      "optional": true,
      "dependencies": {
        "@aws-sdk/core": "^3.977.8",
        "@aws-sdk/credential-provider-node": "^3.972.80",
        "@aws-sdk/types": "^3.974.4",
        "@smithy/core": "^3.31.1",
        "@smithy/fetch-http-handler": "^5.6.13",
        "@smithy/node-http-handler": "^4.9.13",
        "@smithy/types": "^4.16.1",
        "tslib": "^2.6.2"
      },
      "engines": {
        "node": ">=20.0.0"
      }
    },
    "node_modules/@aws-sdk/client-kms": {
      "version": "3.1112.0",
      "resolved": "https://registry.npmjs.org/@aws-sdk/client-kms/-/client-kms-3.1112.0.tgz",
      "integrity": "sha512-AQUKv+ngic6qD33v3Mrm5gDfShrVS9dZfH2KgGJ++Px9Y2lQTXs4YbzEWZafSxO4qD9jYxuYJKc4P//ZS/fQFQ==",
      "license": "Apache-2.0",
      "optional": true,
      "dependencies": {
        "@aws-sdk/core": "^3.977.8",
        "@aws-sdk/credential-provider-node": "^3.972.80",
        "@aws-sdk/types": "^3.974.4",
        "@smithy/core": "^3.31.1",
        "@smithy/fetch-http-handler": "^5.6.13",
        "@smithy/node-http-handler": "^4.9.13",
        "@smithy/types": "^4.16.1",
        "tslib": "^2.6.2"
      },
      "engines": {
        "node": ">=20.0.0"
      }
    },
    "node_modules/@aws-sdk/client-s3": {
      "version": "3.1112.0",
      "resolved": "https://registry.npmjs.org/@aws-sdk/client-s3/-/client-s3-3.1112.0.tgz",
      "integrity": "sha512-E+Z+rIkExcUQbnV9EYfT/fOnveV9B8vIZUzE+wYCVMKgcn/aJJy73FvRf46SGd1NqgT8ESqNlk3Wc/9wE/7/Og==",
      "license": "Apache-2.0",
      "optional": true,
      "dependencies": {
        "@aws-sdk/checksums": "^3.1000.28",
        "@aws-sdk/core": "^3.977.8",
        "@aws-sdk/credential-provider-node": "^3.972.80",
        "@aws-sdk/middleware-sdk-s3": "^3.972.74",
        "@aws-sdk/signature-v4-multi-region": "^3.996.45",
        "@aws-sdk/types": "^3.974.4",
        "@smithy/core": "^3.31.1",
        "@smithy/fetch-http-handler": "^5.6.13",
        "@smithy/node-http-handler": "^4.9.13",
        "@smithy/types": "^4.16.1",
        "tslib": "^2.6.2"
      },
      "engines": {
        "node": ">=20.0.0"
      }
    },
    "node_modules/@aws-sdk/client-s3-control": {
      "version": "3.1112.0",
      "resolved": "https://registry.npmjs.org/@aws-sdk/client-s3-control/-/client-s3-control-3.1112.0.tgz",
      "integrity": "sha512-l6H9b52AFVemCTX4mOqxaPtSgSqM1YdJAi6mSuUltQG17YVnTjHA3jCMRmV9nBcc3EW6UO29j6pdA7kksna/rA==",
      "license": "Apache-2.0",
      "optional": true,
      "dependencies": {
        "@aws-sdk/core": "^3.977.8",
        "@aws-sdk/credential-provider-node": "^3.972.80",
        "@aws-sdk/middleware-sdk-s3": "^3.972.74",
        "@aws-sdk/types": "^3.974.4",
        "@smithy/core": "^3.31.1",
        "@smithy/fetch-http-handler": "^5.6.13",
        "@smithy/middleware-apply-body-checksum": "^4.5.16",
        "@smithy/node-http-handler": "^4.9.13",
        "@smithy/types": "^4.16.1",
        "tslib": "^2.6.2"
      },
      "engines": {
        "node": ">=20.0.0"
      }
    },
    "node_modules/@aws-sdk/client-secrets-manager": {
      "version": "3.1112.0",
      "resolved": "https://registry.npmjs.org/@aws-sdk/client-secrets-manager/-/client-secrets-manager-3.1112.0.tgz",
      "integrity": "sha512-cOrSjfX3OEGDH82NQXWkDBzqhUMNhdXhv+wXDFzmZpUEvJACyZOakEWaeN60xE8NB2Pkcdrt9brEEdzI/L23eQ==",
      "license": "Apache-2.0",
      "optional": true,
      "dependencies": {
        "@aws-sdk/core": "^3.977.8",
        "@aws-sdk/credential-provider-node": "^3.972.80",
        "@aws-sdk/types": "^3.974.4",
        "@smithy/core": "^3.31.1",
        "@smithy/fetch-http-handler": "^5.6.13",
        "@smithy/node-http-handler": "^4.9.13",
        "@smithy/types": "^4.16.1",
        "tslib": "^2.6.2"
      },
      "engines": {
        "node": ">=20.0.0"
      }
    },
    "node_modules/@aws-sdk/client-sts": {
      "version": "3.1112.0",
      "resolved": "https://registry.npmjs.org/@aws-sdk/client-sts/-/client-sts-3.1112.0.tgz",
      "integrity": "sha512-q+BR9W348cfu9jL2bkDN1X2eYMi4GPDMeLFjLYWGCxbLoox1R2RHlqNbCNvAf1WPkcHiW/fnx5yMbLgS30mGlw==",
      "license": "Apache-2.0",
      "optional": true,
      "dependencies": {
        "@aws-sdk/core": "^3.977.8",
        "@aws-sdk/credential-provider-node": "^3.972.80",
        "@aws-sdk/signature-v4-multi-region": "^3.996.45",
        "@aws-sdk/types": "^3.974.4",
        "@smithy/core": "^3.31.1",
        "@smithy/fetch-http-handler": "^5.6.13",
        "@smithy/node-http-handler": "^4.9.13",
        "@smithy/types": "^4.16.1",
        "tslib": "^2.6.2"
      },
      "engines": {
        "node": ">=20.0.0"
      }
    },
    "node_modules/@aws-sdk/core": {
      "version": "3.977.8",
      "resolved": "https://registry.npmjs.org/@aws-sdk/core/-/core-3.977.8.tgz",
      "integrity": "sha512-7+Kcrkvrk9lM/m7jRhHpT4jCdvzGHsuaSRbF8TdzzkY1mRzp/Ogwf9c7H29k4gGhey0BBWhCWr16+t0J61gwmg==",
      "license": "Apache-2.0",
      "optional": true,
      "dependencies": {
        "@aws-sdk/types": "^3.974.4",
        "@aws-sdk/xml-builder": "^3.972.39",
        "@aws/lambda-invoke-store": "^0.3.0",
        "@smithy/core": "^3.31.1",
        "@smithy/signature-v4": "^5.6.12",
        "@smithy/types": "^4.16.1",
        "bowser": "^2.11.0",
        "tslib": "^2.6.2"
      },
      "engines": {
        "node": ">=20.0.0"
      }
    },
    "node_modules/@aws-sdk/credential-provider-env": {
      "version": "3.972.69",
      "resolved": "https://registry.npmjs.org/@aws-sdk/credential-provider-env/-/credential-provider-env-3.972.69.tgz",
      "integrity": "sha512-AreCFzcB4kH2HF9031Ot0jSJr3KXvRg6e8uDeub20JEVdZU3Bv0sTq1plc7VsT3KiqutlzH7l0j50UcCWHUioA==",
      "license": "Apache-2.0",
      "optional": true,
      "dependencies": {
        "@aws-sdk/core": "^3.977.8",
        "@aws-sdk/types": "^3.974.4",
        "@smithy/core": "^3.31.1",
        "@smithy/types": "^4.16.1",
        "tslib": "^2.6.2"
      },
      "engines": {
        "node": ">=20.0.0"
      }
    },
    "node_modules/@aws-sdk/credential-provider-http": {
      "version": "3.972.71",
      "resolved": "https://registry.npmjs.org/@aws-sdk/credential-provider-http/-/credential-provider-http-3.972.71.tgz",
      "integrity": "sha512-A8ObcqVmDMnk4F9NozZ7JwmUu9Q4xyBJkmyq1C5U+wNM9ht9J7+EuuyabsLWXZnOoTqFaJuYBYTKf5CTipkEjA==",
      "license": "Apache-2.0",
      "optional": true,
      "dependencies": {
        "@aws-sdk/core": "^3.977.8",
        "@aws-sdk/types": "^3.974.4",
        "@smithy/core": "^3.31.1",
        "@smithy/fetch-http-handler": "^5.6.13",
        "@smithy/node-http-handler": "^4.9.13",
        "@smithy/types": "^4.16.1",
        "tslib": "^2.6.2"
      },
      "engines": {
        "node": ">=20.0.0"
      }
    },
    "node_modules/@aws-sdk/credential-provider-ini": {
      "version": "3.973.14",
      "resolved": "https://registry.npmjs.org/@aws-sdk/credential-provider-ini/-/credential-provider-ini-3.973.14.tgz",
      "integrity": "sha512-7c+Wti2LsERNWMfm7ySz3/6RPopFW3Nmn7s63Xpcq6R/tRuY5hpvkHA2xVgi5ukJbvok9l0IDtVEvqTtg+X7dw==",
      "license": "Apache-2.0",
      "optional": true,
      "dependencies": {
        "@aws-sdk/core": "^3.977.8",
        "@aws-sdk/credential-provider-env": "^3.972.69",
        "@aws-sdk/credential-provider-http": "^3.972.71",
        "@aws-sdk/credential-provider-login": "^3.972.76",
        "@aws-sdk/credential-provider-process": "^3.972.69",
        "@aws-sdk/credential-provider-sso": "^3.973.13",
        "@aws-sdk/credential-provider-web-identity": "^3.972.75",
        "@aws-sdk/nested-clients": "^3.997.43",
        "@aws-sdk/types": "^3.974.4",
        "@smithy/core": "^3.31.1",
        "@smithy/credential-provider-imds": "^4.4.16",
        "@smithy/types": "^4.16.1",
        "tslib": "^2.6.2"
      },
      "engines": {
        "node": ">=20.0.0"
      }
    },
    "node_modules/@aws-sdk/credential-provider-login": {
      "version": "3.972.76",
      "resolved": "https://registry.npmjs.org/@aws-sdk/credential-provider-login/-/credential-provider-login-3.972.76.tgz",
      "integrity": "sha512-LVixwOnEJfrrfKHeZjBA8pIMTZjNDq8ak8VpcoWUuCJDrSnBNU8POJksULMgvN089P0MXtQYH2Zs627/MK1K0g==",
      "license": "Apache-2.0",
      "optional": true,
      "dependencies": {
        "@aws-sdk/core": "^3.977.8",
        "@aws-sdk/nested-clients": "^3.997.43",
        "@aws-sdk/types": "^3.974.4",
        "@smithy/core": "^3.31.1",
        "@smithy/types": "^4.16.1",
        "tslib": "^2.6.2"
      },
      "engines": {
        "node": ">=20.0.0"
      }
    },
    "node_modules/@aws-sdk/credential-provider-node": {
      "version": "3.972.80",
      "resolved": "https://registry.npmjs.org/@aws-sdk/credential-provider-node/-/credential-provider-node-3.972.80.tgz",
      "integrity": "sha512-bE2qh8ww4iClO1jHsBXdOE8FUgzDbdxbyorNjSCoPSkQd51k3jODItuPZfuwcLHZqDXsH+bI4AMHhqtuyR7mSg==",
      "license": "Apache-2.0",
      "optional": true,
      "dependencies": {
        "@aws-sdk/credential-provider-env": "^3.972.69",
        "@aws-sdk/credential-provider-http": "^3.972.71",
        "@aws-sdk/credential-provider-ini": "^3.973.14",
        "@aws-sdk/credential-provider-process": "^3.972.69",
        "@aws-sdk/credential-provider-sso": "^3.973.13",
        "@aws-sdk/credential-provider-web-identity": "^3.972.75",
        "@aws-sdk/types": "^3.974.4",
        "@smithy/core": "^3.31.1",
        "@smithy/credential-provider-imds": "^4.4.16",
        "@smithy/types": "^4.16.1",
        "tslib": "^2.6.2"
      },
      "engines": {
        "node": ">=20.0.0"
      }
    },
    "node_modules/@aws-sdk/credential-provider-process": {
      "version": "3.972.69",
      "resolved": "https://registry.npmjs.org/@aws-sdk/credential-provider-process/-/credential-provider-process-3.972.69.tgz",
      "integrity": "sha512-9kpTNdZTrcqXTfhxM7fgl9Z68ek3Fu5oe3Yf+A/pJGibEqpgZxz2tSY7SinmyCIU2PJ+ygY4FPoBBnLpocMtrQ==",
      "license": "Apache-2.0",
      "optional": true,
      "dependencies": {
        "@aws-sdk/core": "^3.977.8",
        "@aws-sdk/types": "^3.974.4",
        "@smithy/core": "^3.31.1",
        "@smithy/types": "^4.16.1",
        "tslib": "^2.6.2"
      },
      "engines": {
        "node": ">=20.0.0"
      }
    },
    "node_modules/@aws-sdk/credential-provider-sso": {
      "version": "3.973.13",
      "resolved": "https://registry.npmjs.org/@aws-sdk/credential-provider-sso/-/credential-provider-sso-3.973.13.tgz",
      "integrity": "sha512-Oc81qauMPzUoTnAS2YKpNwY6sY/LUyQTEeaf6yP197WMxkEBQfcKLR1MFpD7+pNTubXnfkH6gwpji+Gc7iyD2Q==",
      "license": "Apache-2.0",
      "optional": true,
      "dependencies": {
        "@aws-sdk/core": "^3.977.8",
        "@aws-sdk/nested-clients": "^3.997.43",
        "@aws-sdk/token-providers": "3.1111.0",
        "@aws-sdk/types": "^3.974.4",
        "@smithy/core": "^3.31.1",
        "@smithy/types": "^4.16.1",
        "tslib": "^2.6.2"
      },
      "engines": {
        "node": ">=20.0.0"
      }
    },
    "node_modules/@aws-sdk/credential-provider-web-identity": {
      "version": "3.972.75",
      "resolved": "https://registry.npmjs.org/@aws-sdk/credential-provider-web-identity/-/credential-provider-web-identity-3.972.75.tgz",
      "integrity": "sha512-YPN6uoGDgjjjeVFZrcOeCJqmB6zpXoeeNgIjqe+DexJaWqdjVfCCe+VAZwli9Z2h8KhFW8oxkO39emQ1tyz/Mw==",
      "license": "Apache-2.0",
      "optional": true,
      "dependencies": {
        "@aws-sdk/core": "^3.977.8",
        "@aws-sdk/nested-clients": "^3.997.43",
        "@aws-sdk/types": "^3.974.4",
        "@smithy/core": "^3.31.1",
        "@smithy/types": "^4.16.1",
        "tslib": "^2.6.2"
      },
      "engines": {
        "node": ">=20.0.0"
      }
    },
    "node_modules/@aws-sdk/middleware-sdk-ec2": {
      "version": "3.972.57",
      "resolved": "https://registry.npmjs.org/@aws-sdk/middleware-sdk-ec2/-/middleware-sdk-ec2-3.972.57.tgz",
      "integrity": "sha512-2e7mOkzSJn5oIqNZy+2JquiG8wRcLw7dYX99Y1My234NKkm48YbKLZFskCQxGp5L16W3Jtmp+ssf6YPC1gv/bw==",
      "license": "Apache-2.0",
      "optional": true,
      "dependencies": {
        "@aws-sdk/core": "^3.977.8",
        "@aws-sdk/types": "^3.974.4",
        "@smithy/core": "^3.31.1",
        "@smithy/signature-v4": "^5.6.12",
        "@smithy/types": "^4.16.1",
        "tslib": "^2.6.2"
      },
      "engines": {
        "node": ">=20.0.0"
      }
    },
    "node_modules/@aws-sdk/middleware-sdk-s3": {
      "version": "3.972.74",
      "resolved": "https://registry.npmjs.org/@aws-sdk/middleware-sdk-s3/-/middleware-sdk-s3-3.972.74.tgz",
      "integrity": "sha512-2lzoV2z2QO5KJZYGOCnIZ1WVQgzMECvwuzr1xb034a++8QW4U4eGrmC2u4yg1xvNv4TLL/Uv5DLyuAiw0b9z7Q==",
      "license": "Apache-2.0",
      "optional": true,
      "dependencies": {
        "@aws-sdk/core": "^3.977.8",
        "@aws-sdk/signature-v4-multi-region": "^3.996.45",
        "@aws-sdk/types": "^3.974.4",
        "@smithy/core": "^3.31.1",
        "@smithy/types": "^4.16.1",
        "tslib": "^2.6.2"
      },
      "engines": {
        "node": ">=20.0.0"
      }
    },
    "node_modules/@aws-sdk/nested-clients": {
      "version": "3.997.43",
      "resolved": "https://registry.npmjs.org/@aws-sdk/nested-clients/-/nested-clients-3.997.43.tgz",
      "integrity": "sha512-bit+VpqWNyi3wHxFoTsTliNXimCSL2r2OeDTm7ZrG+YsTZ2D7ofDJ6r/t9PVBn80i6/v0X2h9Tgw6QP2MAKfPw==",
      "license": "Apache-2.0",
      "optional": true,
      "dependencies": {
        "@aws-sdk/core": "^3.977.8",
        "@aws-sdk/signature-v4-multi-region": "^3.996.45",
        "@aws-sdk/types": "^3.974.4",
        "@smithy/core": "^3.31.1",
        "@smithy/fetch-http-handler": "^5.6.13",
        "@smithy/node-http-handler": "^4.9.13",
        "@smithy/types": "^4.16.1",
        "tslib": "^2.6.2"
      },
      "engines": {
        "node": ">=20.0.0"
      }
    },
    "node_modules/@aws-sdk/signature-v4-multi-region": {
      "version": "3.996.45",
      "resolved": "https://registry.npmjs.org/@aws-sdk/signature-v4-multi-region/-/signature-v4-multi-region-3.996.45.tgz",
      "integrity": "sha512-bBuyztukzXq6plzFGHAWiQt0QXo+HL8b8lX5cFTzkez/74PtS1c0qPFCIVuHkyoT+miH2qOjAcm1/yoro2ESPA==",
      "license": "Apache-2.0",
      "optional": true,
      "dependencies": {
        "@aws-sdk/types": "^3.974.4",
        "@smithy/signature-v4": "^5.6.12",
        "@smithy/types": "^4.16.1",
        "tslib": "^2.6.2"
      },
      "engines": {
        "node": ">=20.0.0"
      }
    },
    "node_modules/@aws-sdk/token-providers": {
      "version": "3.1111.0",
      "resolved": "https://registry.npmjs.org/@aws-sdk/token-providers/-/token-providers-3.1111.0.tgz",
      "integrity": "sha512-JfljgoVtl+s3Qy21n9a7Z48uCQaOXcN74KJ3TEQfPoB293GrXFSt6HSQJF1sTZ8c/5QedEvd3NjJQMO4u9qa5A==",
      "license": "Apache-2.0",
      "optional": true,
      "dependencies": {
        "@aws-sdk/core": "^3.977.8",
        "@aws-sdk/nested-clients": "^3.997.43",
        "@aws-sdk/types": "^3.974.4",
        "@smithy/core": "^3.31.1",
        "@smithy/types": "^4.16.1",
        "tslib": "^2.6.2"
      },
      "engines": {
        "node": ">=20.0.0"
      }
    },
    "node_modules/@aws-sdk/types": {
      "version": "3.974.4",
      "resolved": "https://registry.npmjs.org/@aws-sdk/types/-/types-3.974.4.tgz",
      "integrity": "sha512-dSFDNG00MEz0/xl5gxL62giLd1iYyJsTxZ1I1DOj6lC+bbgLB4TRsYClJg3b62dhXT1uATzsTNXPnC+33EJV3A==",
      "license": "Apache-2.0",
      "optional": true,
      "dependencies": {
        "@smithy/types": "^4.16.1",
        "tslib": "^2.6.2"
      },
      "engines": {
        "node": ">=20.0.0"
      }
    },
    "node_modules/@aws-sdk/xml-builder": {
      "version": "3.972.39",
      "resolved": "https://registry.npmjs.org/@aws-sdk/xml-builder/-/xml-builder-3.972.39.tgz",
      "integrity": "sha512-FTti8DS5MMWXNUWiRwXAJeYS+0GHHiMy0+7XOhcwk63ILHmfS2UFy2z/HNpZCSOJJ3P3dnWY6hfYNW3DF0nXUA==",
      "license": "Apache-2.0",
      "optional": true,
      "dependencies": {
        "@smithy/types": "^4.16.1",
        "tslib": "^2.6.2"
      },
      "engines": {
        "node": ">=20.0.0"
      }
    },
    "node_modules/@aws/lambda-invoke-store": {
      "version": "0.3.0",
      "resolved": "https://registry.npmjs.org/@aws/lambda-invoke-store/-/lambda-invoke-store-0.3.0.tgz",
      "integrity": "sha512-sl4Bm6yiMNYrZKkqqDFWN0UfnWhlS8ivKxrYl+6t0gCLrqr8y3B2IqZZbFRkfaVVp7C/baApyh71P+LeE1A2sQ==",
      "license": "Apache-2.0",
      "optional": true,
      "engines": {
        "node": ">=18.0.0"
      }
    },
    "node_modules/@smithy/core": {
      "version": "3.33.2",
      "resolved": "https://registry.npmjs.org/@smithy/core/-/core-3.33.2.tgz",
      "integrity": "sha512-CUGXpnPkVdjUCbix+83sWLW9VFgQOm44MDOx/ihITJMAnOZKvL8YYIc7DR9pP/tZ8CIRvMiON/TucvygqbHO3w==",
      "license": "Apache-2.0",
      "optional": true,
      "dependencies": {
        "@smithy/types": "^4.17.2",
        "tslib": "^2.6.2"
      },
      "engines": {
        "node": ">=18.0.0"
      }
    },
    "node_modules/@smithy/credential-provider-imds": {
      "version": "4.5.2",
      "resolved": "https://registry.npmjs.org/@smithy/credential-provider-imds/-/credential-provider-imds-4.5.2.tgz",
      "integrity": "sha512-A9uSdn72ozbRUSit0eib0TW7nXuNPlaeM0zcGkJ+nE6tFcSDbnmtwoxbTCFBukVQcszDAyvsd7+rTduPTXpygg==",
      "license": "Apache-2.0",
      "optional": true,
      "dependencies": {
        "@smithy/core": "^3.33.2",
        "@smithy/types": "^4.17.2",
        "tslib": "^2.6.2"
      },
      "engines": {
        "node": ">=18.0.0"
      }
    },
    "node_modules/@smithy/fetch-http-handler": {
      "version": "5.7.2",
      "resolved": "https://registry.npmjs.org/@smithy/fetch-http-handler/-/fetch-http-handler-5.7.2.tgz",
      "integrity": "sha512-nZyWTmSpJEXl6VtWVMBJve/7x12DZu6sIX1z1a+ZMaHlQQRs9Zpu6NbTe/gmxYXVRpkjxyDYpZ5gx2IM6f/Wkw==",
      "license": "Apache-2.0",
      "optional": true,
      "dependencies": {
        "@smithy/core": "^3.33.2",
        "@smithy/types": "^4.17.2",
        "tslib": "^2.6.2"
      },
      "engines": {
        "node": ">=18.0.0"
      }
    },
    "node_modules/@smithy/middleware-apply-body-checksum": {
      "version": "4.6.2",
      "resolved": "https://registry.npmjs.org/@smithy/middleware-apply-body-checksum/-/middleware-apply-body-checksum-4.6.2.tgz",
      "integrity": "sha512-sB7UbQcamIdfKfgEe4hUuBK9Y6p34nnKFsYEqwIMwZzG5NcQFiYWiHZKr/lq0vUiV2ISs+KbG5cF4LZe5Rookw==",
      "license": "Apache-2.0",
      "optional": true,
      "dependencies": {
        "@smithy/core": "^3.33.2",
        "@smithy/types": "^4.17.2",
        "tslib": "^2.6.2"
      },
      "engines": {
        "node": ">=18.0.0"
      }
    },
    "node_modules/@smithy/node-http-handler": {
      "version": "4.11.2",
      "resolved": "https://registry.npmjs.org/@smithy/node-http-handler/-/node-http-handler-4.11.2.tgz",
      "integrity": "sha512-avwAh9HM3h2lcfjvP3zYIZGf+XVgLQ91wOJ2qoFbNpW1UZeZb33aGlhTZvtkANHfcGhJroRY64525OjfgOg30g==",
      "license": "Apache-2.0",
      "optional": true,
      "dependencies": {
        "@smithy/core": "^3.33.2",
        "@smithy/types": "^4.17.2",
        "tslib": "^2.6.2"
      },
      "engines": {
        "node": ">=18.0.0"
      }
    },
    "node_modules/@smithy/signature-v4": {
      "version": "5.7.2",
      "resolved": "https://registry.npmjs.org/@smithy/signature-v4/-/signature-v4-5.7.2.tgz",
      "integrity": "sha512-P7Ki6px6OOrxVtx8K7nLmyx4SlXUW/uTKDdMG44UHefmPGSRMBKe2v+TM59WdLcpUIrBrnuCsIqiM2MbsZjmhw==",
      "license": "Apache-2.0",
      "optional": true,
      "dependencies": {
        "@smithy/core": "^3.33.2",
        "@smithy/types": "^4.17.2",
        "tslib": "^2.6.2"
      },
      "engines": {
        "node": ">=18.0.0"
      }
    },
    "node_modules/@smithy/types": {
      "version": "4.17.2",
      "resolved": "https://registry.npmjs.org/@smithy/types/-/types-4.17.2.tgz",
      "integrity": "sha512-FOKpVZob9MPTn2znRzGrnsMHv7BOsKVw3XiP/cOyYLDVZ9qKp4nifIiSCuUU/fIj5Vu0UOAxCFr+qRAtG0NUkA==",
      "license": "Apache-2.0",
      "optional": true,
      "dependencies": {
        "tslib": "^2.6.2"
      },
      "engines": {
        "node": ">=18.0.0"
      }
    },
    "node_modules/ajv": {
      "version": "8.20.0",
      "resolved": "https://registry.npmjs.org/ajv/-/ajv-8.20.0.tgz",
      "integrity": "sha512-Thbli+OlOj+iMPYFBVBfJ3OmCAnaSyNn4M1vz9T6Gka5Jt9ba/HIR56joy65tY6kx/FCF5VXNB819Y7/GUrBGA==",
      "license": "MIT",
      "dependencies": {
        "fast-deep-equal": "^3.1.3",
        "fast-uri": "^3.0.1",
        "json-schema-traverse": "^1.0.0",
        "require-from-string": "^2.0.2"
      },
      "funding": {
        "type": "github",
        "url": "https://github.com/sponsors/epoberezkin"
      }
    },
    "node_modules/ajv-formats": {
      "version": "3.0.1",
      "resolved": "https://registry.npmjs.org/ajv-formats/-/ajv-formats-3.0.1.tgz",
      "integrity": "sha512-8iUql50EUR+uUcdRQ3HDqa6EVyo3docL8g5WJ3FNcWmu62IbkGUue/pEyLBW8VGKKucTPgqeks4fIU1DA4yowQ==",
      "license": "MIT",
      "dependencies": {
        "ajv": "^8.0.0"
      },
      "peerDependencies": {
        "ajv": "^8.0.0"
      },
      "peerDependenciesMeta": {
        "ajv": {
          "optional": true
        }
      }
    },
    "node_modules/bowser": {
      "version": "2.14.1",
      "resolved": "https://registry.npmjs.org/bowser/-/bowser-2.14.1.tgz",
      "integrity": "sha512-tzPjzCxygAKWFOJP011oxFHs57HzIhOEracIgAePE4pqB3LikALKnSzUyU4MGs9/iCEUuHlAJTjTc5M+u7YEGg==",
      "license": "MIT",
      "optional": true
    },
    "node_modules/fast-deep-equal": {
      "version": "3.1.3",
      "resolved": "https://registry.npmjs.org/fast-deep-equal/-/fast-deep-equal-3.1.3.tgz",
      "integrity": "sha512-f3qQ9oQy9j2AhBe/H9VC91wLmKBCCU/gDOnKNAYG5hswO7BLKj09Hc5HYNz9cGI++xlpDCIgDaitVs03ATR84Q==",
      "license": "MIT"
    },
    "node_modules/fast-uri": {
      "version": "3.1.5",
      "resolved": "https://registry.npmjs.org/fast-uri/-/fast-uri-3.1.5.tgz",
      "integrity": "sha512-gHwA1O9LDIcKunMKhObS/HimwtehO1nPUECKAu5TpKgaO19fcWEl4bliWe1jWxVFvIXztJjjQ4L8XQ1EU9f7Jw==",
      "funding": [
        {
          "type": "github",
          "url": "https://github.com/sponsors/fastify"
        },
        {
          "type": "opencollective",
          "url": "https://opencollective.com/fastify"
        }
      ],
      "license": "BSD-3-Clause"
    },
    "node_modules/json-schema-traverse": {
      "version": "1.0.0",
      "resolved": "https://registry.npmjs.org/json-schema-traverse/-/json-schema-traverse-1.0.0.tgz",
      "integrity": "sha512-NM8/P9n3XjXhIZn1lLhkFaACTOURQXjWhV4BA/RnOv8xvgqtqpAX9IO4mRQxSx1Rlo4tqzeqb0sOlruaOy3dug==",
      "license": "MIT"
    },
    "node_modules/require-from-string": {
      "version": "2.0.2",
      "resolved": "https://registry.npmjs.org/require-from-string/-/require-from-string-2.0.2.tgz",
      "integrity": "sha512-Xf0nWe6RseziFMu+Ap9biiUbmplq6S9/p+7w7YXP/JBHhrUDDUhwa+vANyubuqfZWTveU//DYVGsDG7RKL/vEw==",
      "license": "MIT",
      "engines": {
        "node": ">=0.10.0"
      }
    },
    "node_modules/tslib": {
      "version": "2.8.1",
      "resolved": "https://registry.npmjs.org/tslib/-/tslib-2.8.1.tgz",
      "integrity": "sha512-oJFu94HQb+KVduSUQL7wnpmqnfmLsOA/nAh6b6EH0wCEoK0/mPeXU6c3wKDV83MkOuHPRHtSXKKU99IBazS/2w==",
      "license": "0BSD",
      "optional": true
    },
    "node_modules/yaml": {
      "version": "2.9.0",
      "resolved": "https://registry.npmjs.org/yaml/-/yaml-2.9.0.tgz",
      "integrity": "sha512-2AvhNX3mb8zd6Zy7INTtSpl1F15HW6Wnqj0srWlkKLcpYl/gMIMJiyuGq2KeI2YFxUPjdlB+3Lc10seMLtL4cA==",
      "license": "ISC",
      "bin": {
        "yaml": "bin.mjs"
      },
      "engines": {
        "node": ">= 14.6"
      },
      "funding": {
        "url": "https://github.com/sponsors/eemeli"
      }
    }
  }
}
